
Microsoft Visual Studio Solution File, Format Version 12.00
# Visual Studio Version 17
VisualStudioVersion = 17.9.34728.123
MinimumVisualStudioVersion = 10.0.40219.1
Project("{FAE04EC0-301F-11D3-BF4B-00C04F79EFBC}") = "MvcMovie", "MvcMovie.csproj", "{616FB08A-8FB0-4457-8689-FC3E3DEEFA68}"
EndProject
Global
	GlobalSection(SolutionConfigurationPlatforms) = preSolution
		Debug|Any CPU = Debug|Any CPU
		Release|Any CPU = Release|Any CPU
	EndGlobalSection
	GlobalSection(ProjectConfigurationPlatforms) = postSolution
		{616FB08A-8FB0-4457-8689-FC3E3DEEFA68}.Debug|Any CPU.ActiveCfg = Debug|Any CPU
		{616FB08A-8FB0-4457-8689-FC3E3DEEFA68}.Debug|Any CPU.Build.0 = Debug|Any CPU
		{616FB08A-8FB0-4457-8689-FC3E3DEEFA68}.Release|Any CPU.ActiveCfg = Release|Any CPU
		{616FB08A-8FB0-4457-8689-FC3E3DEEFA68}.Release|Any CPU.Build.0 = Release|Any CPU
	EndGlobalSection
	GlobalSection(SolutionProperties) = preSolution
		HideSolutionNode = FALSE
	EndGlobalSection
	GlobalSection(ExtensibilityGlobals) = postSolution
		SolutionGuid = {F2071A7A-3556-4A1A-9461-760DF94ADD43}
	EndGlobalSection
EndGlobal
